
Microsoft Visual Studio Solution File, Format Version 12.00
# Visual Studio Version 17
VisualStudioVersion = 17.11.35312.102
MinimumVisualStudioVersion = 10.0.40219.1
Project("{FAE04EC0-301F-11D3-BF4B-00C04F79EFBC}") = "Gestor contraseñas", "Gestor contraseñas.csproj", "{FA726154-4472-491E-A0FE-1D4E5C14094E}"
EndProject
Global
	GlobalSection(SolutionConfigurationPlatforms) = preSolution
		Debug|Any CPU = Debug|Any CPU
		Release|Any CPU = Release|Any CPU
	EndGlobalSection
	GlobalSection(ProjectConfigurationPlatforms) = postSolution
		{FA726154-4472-491E-A0FE-1D4E5C14094E}.Debug|Any CPU.ActiveCfg = Debug|Any CPU
		{FA726154-4472-491E-A0FE-1D4E5C14094E}.Debug|Any CPU.Build.0 = Debug|Any CPU
		{FA726154-4472-491E-A0FE-1D4E5C14094E}.Release|Any CPU.ActiveCfg = Release|Any CPU
		{FA726154-4472-491E-A0FE-1D4E5C14094E}.Release|Any CPU.Build.0 = Release|Any CPU
	EndGlobalSection
	GlobalSection(SolutionProperties) = preSolution
		HideSolutionNode = FALSE
	EndGlobalSection
	GlobalSection(ExtensibilityGlobals) = postSolution
		SolutionGuid = {BF4DC814-9268-4838-B3C5-C549A4DABBC5}
	EndGlobalSection
EndGlobal
